
Microsoft Visual Studio Solution File, Format Version 12.00
# Visual Studio Version 17
VisualStudioVersion = 17.7.34024.191
MinimumVisualStudioVersion = 10.0.40219.1
Project("{FAE04EC0-301F-11D3-BF4B-00C04F79EFBC}") = "GoCook-API", "GoCook-API\GoCook-API.csproj", "{600EB220-2203-4423-BCA9-80E5F598BAA5}"
EndProject
Global
	GlobalSection(SolutionConfigurationPlatforms) = preSolution
		Debug|Any CPU = Debug|Any CPU
		Release|Any CPU = Release|Any CPU
	EndGlobalSection
	GlobalSection(ProjectConfigurationPlatforms) = postSolution
		{600EB220-2203-4423-BCA9-80E5F598BAA5}.Debug|Any CPU.ActiveCfg = Debug|Any CPU
		{600EB220-2203-4423-BCA9-80E5F598BAA5}.Debug|Any CPU.Build.0 = Debug|Any CPU
		{600EB220-2203-4423-BCA9-80E5F598BAA5}.Release|Any CPU.ActiveCfg = Release|Any CPU
		{600EB220-2203-4423-BCA9-80E5F598BAA5}.Release|Any CPU.Build.0 = Release|Any CPU
	EndGlobalSection
	GlobalSection(SolutionProperties) = preSolution
		HideSolutionNode = FALSE
	EndGlobalSection
	GlobalSection(ExtensibilityGlobals) = postSolution
		SolutionGuid = {23CF8DE0-F901-4E7E-8CFB-18F82AF8E01D}
	EndGlobalSection
EndGlobal
